
Microsoft Visual Studio Solution File, Format Version 12.00
# Visual Studio Version 16
VisualStudioVersion = 16.0.29926.136
MinimumVisualStudioVersion = 10.0.40219.1
Project("{FAE04EC0-301F-11D3-BF4B-00C04F79EFBC}") = "APBDPoprawkaCSharp", "APBDPoprawkaCSharp.csproj", "{44F77D48-96D1-4DC1-AD82-3DEF1530013E}"
EndProject
Global
	GlobalSection(SolutionConfigurationPlatforms) = preSolution
		Debug|Any CPU = Debug|Any CPU
		Release|Any CPU = Release|Any CPU
	EndGlobalSection
	GlobalSection(ProjectConfigurationPlatforms) = postSolution
		{44F77D48-96D1-4DC1-AD82-3DEF1530013E}.Debug|Any CPU.ActiveCfg = Debug|Any CPU
		{44F77D48-96D1-4DC1-AD82-3DEF1530013E}.Debug|Any CPU.Build.0 = Debug|Any CPU
		{44F77D48-96D1-4DC1-AD82-3DEF1530013E}.Release|Any CPU.ActiveCfg = Release|Any CPU
		{44F77D48-96D1-4DC1-AD82-3DEF1530013E}.Release|Any CPU.Build.0 = Release|Any CPU
	EndGlobalSection
	GlobalSection(SolutionProperties) = preSolution
		HideSolutionNode = FALSE
	EndGlobalSection
	GlobalSection(ExtensibilityGlobals) = postSolution
		SolutionGuid = {6388DAB9-7426-4376-9456-4556F60FDC64}
	EndGlobalSection
EndGlobal
